
Microsoft Visual Studio Solution File, Format Version 12.00
# Visual Studio Version 17
VisualStudioVersion = 17.8.34330.188
MinimumVisualStudioVersion = 10.0.40219.1
Project("{FAE04EC0-301F-11D3-BF4B-00C04F79EFBC}") = "Sharpy", "Sharpy\Sharpy.csproj", "{2990A237-FAD5-431B-A6FB-5482472BFCC7}"
EndProject
Project("{FAE04EC0-301F-11D3-BF4B-00C04F79EFBC}") = "Sandbox", "Sandbox\Sandbox.csproj", "{692C6C1F-BE63-49DE-BDFB-F5054536A61A}"
EndProject
Global
	GlobalSection(SolutionConfigurationPlatforms) = preSolution
		Debug|Any CPU = Debug|Any CPU
		Release|Any CPU = Release|Any CPU
	EndGlobalSection
	GlobalSection(ProjectConfigurationPlatforms) = postSolution
		{2990A237-FAD5-431B-A6FB-5482472BFCC7}.Debug|Any CPU.ActiveCfg = Debug|Any CPU
		{2990A237-FAD5-431B-A6FB-5482472BFCC7}.Debug|Any CPU.Build.0 = Debug|Any CPU
		{2990A237-FAD5-431B-A6FB-5482472BFCC7}.Release|Any CPU.ActiveCfg = Release|Any CPU
		{2990A237-FAD5-431B-A6FB-5482472BFCC7}.Release|Any CPU.Build.0 = Release|Any CPU
		{692C6C1F-BE63-49DE-BDFB-F5054536A61A}.Debug|Any CPU.ActiveCfg = Debug|Any CPU
		{692C6C1F-BE63-49DE-BDFB-F5054536A61A}.Debug|Any CPU.Build.0 = Debug|Any CPU
		{692C6C1F-BE63-49DE-BDFB-F5054536A61A}.Release|Any CPU.ActiveCfg = Release|Any CPU
		{692C6C1F-BE63-49DE-BDFB-F5054536A61A}.Release|Any CPU.Build.0 = Release|Any CPU
	EndGlobalSection
	GlobalSection(SolutionProperties) = preSolution
		HideSolutionNode = FALSE
	EndGlobalSection
	GlobalSection(ExtensibilityGlobals) = postSolution
		SolutionGuid = {483F096C-1E3B-4792-8312-A39BD0345D46}
	EndGlobalSection
EndGlobal
